// !$*UTF8*$!
{
	archiveVersion = 1;
	classes = {
	};
	objectVersion = 56;
	objects = {

/* Begin PBXBuildFile section */
		87129E9C2A7EA1B0002EF62D /* MiniBoard.swift in Sources */ = {isa = PBXBuildFile; fileRef = 87129E9B2A7EA1B0002EF62D /* MiniBoard.swift */; };
		87129E9E2A7EA8CE002EF62D /* MiniBoardView.swift in Sources */ = {isa = PBXBuildFile; fileRef = 87129E9D2A7EA8CE002EF62D /* MiniBoardView.swift */; };
		8738CFD72A6E0592005E58AB /* TutorialArrowView.swift in Sources */ = {isa = PBXBuildFile; fileRef = 8738CFD62A6E0592005E58AB /* TutorialArrowView.swift */; };
		87475E212A646A1900804E18 /* TutorialCleverJacksGame.swift in Sources */ = {isa = PBXBuildFile; fileRef = 87475E202A646A1900804E18 /* TutorialCleverJacksGame.swift */; };
		87475E232A647C6600804E18 /* TutorialBoardView.swift in Sources */ = {isa = PBXBuildFile; fileRef = 87475E222A647C6600804E18 /* TutorialBoardView.swift */; };
		87475E252A647CB300804E18 /* TutorialPlayerCardsView.swift in Sources */ = {isa = PBXBuildFile; fileRef = 87475E242A647CB300804E18 /* TutorialPlayerCardsView.swift */; };
		87475E272A647D1000804E18 /* TutorialBoardCardView.swift in Sources */ = {isa = PBXBuildFile; fileRef = 87475E262A647D1000804E18 /* TutorialBoardCardView.swift */; };
		8784C9192A6216FD00CBC21A /* LogoAndNameView.swift in Sources */ = {isa = PBXBuildFile; fileRef = 8784C9182A6216FD00CBC21A /* LogoAndNameView.swift */; };
		8784C91B2A62177C00CBC21A /* StartButtonView.swift in Sources */ = {isa = PBXBuildFile; fileRef = 8784C91A2A62177C00CBC21A /* StartButtonView.swift */; };
		8784C91D2A625A4B00CBC21A /* TopMenuView.swift in Sources */ = {isa = PBXBuildFile; fileRef = 8784C91C2A625A4B00CBC21A /* TopMenuView.swift */; };
		8784C91F2A625C5600CBC21A /* AdaptiveStack.swift in Sources */ = {isa = PBXBuildFile; fileRef = 8784C91E2A625C5600CBC21A /* AdaptiveStack.swift */; };
		8784C9212A62629200CBC21A /* GameOverAlert.swift in Sources */ = {isa = PBXBuildFile; fileRef = 8784C9202A62629200CBC21A /* GameOverAlert.swift */; };
		878CF16B2A800C3900A6680C /* CleverJacksUITests.swift in Sources */ = {isa = PBXBuildFile; fileRef = 878CF16A2A800C3900A6680C /* CleverJacksUITests.swift */; };
		878CF16D2A800C3900A6680C /* CleverJacksUITestsLaunchTests.swift in Sources */ = {isa = PBXBuildFile; fileRef = 878CF16C2A800C3900A6680C /* CleverJacksUITestsLaunchTests.swift */; };
		878CF17A2A800C4700A6680C /* CleverJacksTests.swift in Sources */ = {isa = PBXBuildFile; fileRef = 878CF1792A800C4700A6680C /* CleverJacksTests.swift */; };
		879EF3F32A5FAB19000D9088 /* ResponseView.swift in Sources */ = {isa = PBXBuildFile; fileRef = 879EF3F22A5FAB19000D9088 /* ResponseView.swift */; };
		87A950BD2A5DDCB700D954DD /* HomeView.swift in Sources */ = {isa = PBXBuildFile; fileRef = 87A950BC2A5DDCB700D954DD /* HomeView.swift */; };
		87B19CE52A7B27FA0012C62C /* AllRules.swift in Sources */ = {isa = PBXBuildFile; fileRef = 87B19CE42A7B27FA0012C62C /* AllRules.swift */; };
		87B6C0132A5E38F9002C7CBA /* MessageView.swift in Sources */ = {isa = PBXBuildFile; fileRef = 87B6C0122A5E38F9002C7CBA /* MessageView.swift */; };
		87B6C0152A5E3922002C7CBA /* ChatView.swift in Sources */ = {isa = PBXBuildFile; fileRef = 87B6C0142A5E3922002C7CBA /* ChatView.swift */; };
		87B7A95E2A5B2C9F00DD927B /* SettingsView.swift in Sources */ = {isa = PBXBuildFile; fileRef = 87B7A95D2A5B2C9F00DD927B /* SettingsView.swift */; };
		87BD15142A81443900905584 /* ScreenshotTests.swift in Sources */ = {isa = PBXBuildFile; fileRef = 87BD15132A81443900905584 /* ScreenshotTests.swift */; };
		87BD15162A81443900905584 /* ScreenshotTestsLaunchTests.swift in Sources */ = {isa = PBXBuildFile; fileRef = 87BD15152A81443900905584 /* ScreenshotTestsLaunchTests.swift */; };
		87BD151D2A8145AE00905584 /* SnapshotHelper.swift in Sources */ = {isa = PBXBuildFile; fileRef = 87BD151C2A8145AE00905584 /* SnapshotHelper.swift */; };
		87BE05992A5B33C20095FDC9 /* PlayerView.swift in Sources */ = {isa = PBXBuildFile; fileRef = 87BE05982A5B33C20095FDC9 /* PlayerView.swift */; };
		87C535992A828C9700BFF90B /* ListAllGamesView.swift in Sources */ = {isa = PBXBuildFile; fileRef = 87C535982A828C9700BFF90B /* ListAllGamesView.swift */; };
		87D1570C2A5352EA00898EC7 /* SequenceCardsApp.swift in Sources */ = {isa = PBXBuildFile; fileRef = 87D1570B2A5352EA00898EC7 /* SequenceCardsApp.swift */; };
		87D1570E2A5352EA00898EC7 /* ContentView.swift in Sources */ = {isa = PBXBuildFile; fileRef = 87D1570D2A5352EA00898EC7 /* ContentView.swift */; };
		87D157102A5352EB00898EC7 /* Assets.xcassets in Resources */ = {isa = PBXBuildFile; fileRef = 87D1570F2A5352EB00898EC7 /* Assets.xcassets */; };
		87D157132A5352EB00898EC7 /* Preview Assets.xcassets in Resources */ = {isa = PBXBuildFile; fileRef = 87D157122A5352EB00898EC7 /* Preview Assets.xcassets */; };
		87D157362A5353D100898EC7 /* Suit.swift in Sources */ = {isa = PBXBuildFile; fileRef = 87D157352A5353D100898EC7 /* Suit.swift */; };
		87D157382A5353E900898EC7 /* Rank.swift in Sources */ = {isa = PBXBuildFile; fileRef = 87D157372A5353E900898EC7 /* Rank.swift */; };
		87D1573A2A5353F800898EC7 /* Deck.swift in Sources */ = {isa = PBXBuildFile; fileRef = 87D157392A5353F800898EC7 /* Deck.swift */; };
		87D1573C2A53541400898EC7 /* Card.swift in Sources */ = {isa = PBXBuildFile; fileRef = 87D1573B2A53541400898EC7 /* Card.swift */; };
		87D1573E2A53542600898EC7 /* Coin.swift in Sources */ = {isa = PBXBuildFile; fileRef = 87D1573D2A53542600898EC7 /* Coin.swift */; };
		87D157402A53546500898EC7 /* Board.swift in Sources */ = {isa = PBXBuildFile; fileRef = 87D1573F2A53546500898EC7 /* Board.swift */; };
		87D157422A53548F00898EC7 /* CleverJacksGame.swift in Sources */ = {isa = PBXBuildFile; fileRef = 87D157412A53548F00898EC7 /* CleverJacksGame.swift */; };
		87D157442A53552300898EC7 /* CleverJacksGame+GKTurnBasedControllerDelegate.swift in Sources */ = {isa = PBXBuildFile; fileRef = 87D157432A53552300898EC7 /* CleverJacksGame+GKTurnBasedControllerDelegate.swift */; };
		87D157462A53555200898EC7 /* CleverJacksGame+GKTurnBasedEventListener.swift in Sources */ = {isa = PBXBuildFile; fileRef = 87D157452A53555200898EC7 /* CleverJacksGame+GKTurnBasedEventListener.swift */; };
		87D157482A5355A500898EC7 /* CleverJacksGame+MatchData.swift in Sources */ = {isa = PBXBuildFile; fileRef = 87D157472A5355A500898EC7 /* CleverJacksGame+MatchData.swift */; };
		87D1574B2A5356D900898EC7 /* GameView.swift in Sources */ = {isa = PBXBuildFile; fileRef = 87D1574A2A5356D900898EC7 /* GameView.swift */; };
		87D1574D2A53599000898EC7 /* CoinView.swift in Sources */ = {isa = PBXBuildFile; fileRef = 87D1574C2A53599000898EC7 /* CoinView.swift */; };
		87D1574F2A5359DD00898EC7 /* CardView.swift in Sources */ = {isa = PBXBuildFile; fileRef = 87D1574E2A5359DD00898EC7 /* CardView.swift */; };
		87D157512A535A9900898EC7 /* WiggleModifier.swift in Sources */ = {isa = PBXBuildFile; fileRef = 87D157502A535A9900898EC7 /* WiggleModifier.swift */; };
		87D157532A535AB300898EC7 /* PlayerCardsView.swift in Sources */ = {isa = PBXBuildFile; fileRef = 87D157522A535AB200898EC7 /* PlayerCardsView.swift */; };
		87D157552A53736F00898EC7 /* BoardCardView.swift in Sources */ = {isa = PBXBuildFile; fileRef = 87D157542A53736F00898EC7 /* BoardCardView.swift */; };
		87D157572A53742500898EC7 /* BoardView.swift in Sources */ = {isa = PBXBuildFile; fileRef = 87D157562A53742500898EC7 /* BoardView.swift */; };
		87E062362A6FA61700989DCF /* MeetItemsView.swift in Sources */ = {isa = PBXBuildFile; fileRef = 87E062352A6FA61700989DCF /* MeetItemsView.swift */; };
		87EAF8DA2A60C04100A9E63C /* ConfettiView.swift in Sources */ = {isa = PBXBuildFile; fileRef = 87EAF8D92A60C04100A9E63C /* ConfettiView.swift */; };
		87EAF8DC2A60C0B700A9E63C /* RoundedCross.swift in Sources */ = {isa = PBXBuildFile; fileRef = 87EAF8DB2A60C0B700A9E63C /* RoundedCross.swift */; };
		87EAF8DE2A60C0CE00A9E63C /* SlimRectangle.swift in Sources */ = {isa = PBXBuildFile; fileRef = 87EAF8DD2A60C0CE00A9E63C /* SlimRectangle.swift */; };
		87EAF8E02A60C0F300A9E63C /* Triangle.swift in Sources */ = {isa = PBXBuildFile; fileRef = 87EAF8DF2A60C0F300A9E63C /* Triangle.swift */; };
		87F40CD52A6344F300AE1D69 /* NotificationCountView.swift in Sources */ = {isa = PBXBuildFile; fileRef = 87F40CD42A6344F300AE1D69 /* NotificationCountView.swift */; };
/* End PBXBuildFile section */

/* Begin PBXContainerItemProxy section */
		878CF16E2A800C3900A6680C /* PBXContainerItemProxy */ = {
			isa = PBXContainerItemProxy;
			containerPortal = 87D157002A5352EA00898EC7 /* Project object */;
			proxyType = 1;
			remoteGlobalIDString = 87D157072A5352EA00898EC7;
			remoteInfo = CleverJacks;
		};
		878CF17B2A800C4700A6680C /* PBXContainerItemProxy */ = {
			isa = PBXContainerItemProxy;
			containerPortal = 87D157002A5352EA00898EC7 /* Project object */;
			proxyType = 1;
			remoteGlobalIDString = 87D157072A5352EA00898EC7;
			remoteInfo = CleverJacks;
		};
		87BD15172A81443900905584 /* PBXContainerItemProxy */ = {
			isa = PBXContainerItemProxy;
			containerPortal = 87D157002A5352EA00898EC7 /* Project object */;
			proxyType = 1;
			remoteGlobalIDString = 87D157072A5352EA00898EC7;
			remoteInfo = CleverJacks;
		};
/* End PBXContainerItemProxy section */

/* Begin PBXFileReference section */
		87129E9B2A7EA1B0002EF62D /* MiniBoard.swift */ = {isa = PBXFileReference; lastKnownFileType = sourcecode.swift; path = MiniBoard.swift; sourceTree = "<group>"; };
		87129E9D2A7EA8CE002EF62D /* MiniBoardView.swift */ = {isa = PBXFileReference; lastKnownFileType = sourcecode.swift; path = MiniBoardView.swift; sourceTree = "<group>"; };
		873634B82A591B0A00D24B64 /* Info.plist */ = {isa = PBXFileReference; lastKnownFileType = text.plist; path = Info.plist; sourceTree = "<group>"; };
		8738CFD62A6E0592005E58AB /* TutorialArrowView.swift */ = {isa = PBXFileReference; lastKnownFileType = sourcecode.swift; path = TutorialArrowView.swift; sourceTree = "<group>"; };
		87475E202A646A1900804E18 /* TutorialCleverJacksGame.swift */ = {isa = PBXFileReference; lastKnownFileType = sourcecode.swift; path = TutorialCleverJacksGame.swift; sourceTree = "<group>"; };
		87475E222A647C6600804E18 /* TutorialBoardView.swift */ = {isa = PBXFileReference; lastKnownFileType = sourcecode.swift; path = TutorialBoardView.swift; sourceTree = "<group>"; };
		87475E242A647CB300804E18 /* TutorialPlayerCardsView.swift */ = {isa = PBXFileReference; lastKnownFileType = sourcecode.swift; path = TutorialPlayerCardsView.swift; sourceTree = "<group>"; };
		87475E262A647D1000804E18 /* TutorialBoardCardView.swift */ = {isa = PBXFileReference; lastKnownFileType = sourcecode.swift; path = TutorialBoardCardView.swift; sourceTree = "<group>"; };
		8784C9182A6216FD00CBC21A /* LogoAndNameView.swift */ = {isa = PBXFileReference; lastKnownFileType = sourcecode.swift; path = LogoAndNameView.swift; sourceTree = "<group>"; };
		8784C91A2A62177C00CBC21A /* StartButtonView.swift */ = {isa = PBXFileReference; lastKnownFileType = sourcecode.swift; path = StartButtonView.swift; sourceTree = "<group>"; };
		8784C91C2A625A4B00CBC21A /* TopMenuView.swift */ = {isa = PBXFileReference; lastKnownFileType = sourcecode.swift; path = TopMenuView.swift; sourceTree = "<group>"; };
		8784C91E2A625C5600CBC21A /* AdaptiveStack.swift */ = {isa = PBXFileReference; lastKnownFileType = sourcecode.swift; path = AdaptiveStack.swift; sourceTree = "<group>"; };
		8784C9202A62629200CBC21A /* GameOverAlert.swift */ = {isa = PBXFileReference; lastKnownFileType = sourcecode.swift; path = GameOverAlert.swift; sourceTree = "<group>"; };
		878CF1682A800C3900A6680C /* CleverJacksUITests.xctest */ = {isa = PBXFileReference; explicitFileType = wrapper.cfbundle; includeInIndex = 0; path = CleverJacksUITests.xctest; sourceTree = BUILT_PRODUCTS_DIR; };
		878CF16A2A800C3900A6680C /* CleverJacksUITests.swift */ = {isa = PBXFileReference; lastKnownFileType = sourcecode.swift; path = CleverJacksUITests.swift; sourceTree = "<group>"; };
		878CF16C2A800C3900A6680C /* CleverJacksUITestsLaunchTests.swift */ = {isa = PBXFileReference; lastKnownFileType = sourcecode.swift; path = CleverJacksUITestsLaunchTests.swift; sourceTree = "<group>"; };
		878CF1772A800C4700A6680C /* CleverJacksTests.xctest */ = {isa = PBXFileReference; explicitFileType = wrapper.cfbundle; includeInIndex = 0; path = CleverJacksTests.xctest; sourceTree = BUILT_PRODUCTS_DIR; };
		878CF1792A800C4700A6680C /* CleverJacksTests.swift */ = {isa = PBXFileReference; lastKnownFileType = sourcecode.swift; path = CleverJacksTests.swift; sourceTree = "<group>"; };
		879EF3F22A5FAB19000D9088 /* ResponseView.swift */ = {isa = PBXFileReference; lastKnownFileType = sourcecode.swift; path = ResponseView.swift; sourceTree = "<group>"; };
		87A950BC2A5DDCB700D954DD /* HomeView.swift */ = {isa = PBXFileReference; lastKnownFileType = sourcecode.swift; path = HomeView.swift; sourceTree = "<group>"; };
		87B19CE42A7B27FA0012C62C /* AllRules.swift */ = {isa = PBXFileReference; lastKnownFileType = sourcecode.swift; path = AllRules.swift; sourceTree = "<group>"; };
		87B6C0122A5E38F9002C7CBA /* MessageView.swift */ = {isa = PBXFileReference; lastKnownFileType = sourcecode.swift; path = MessageView.swift; sourceTree = "<group>"; };
		87B6C0142A5E3922002C7CBA /* ChatView.swift */ = {isa = PBXFileReference; lastKnownFileType = sourcecode.swift; path = ChatView.swift; sourceTree = "<group>"; };
		87B7A95D2A5B2C9F00DD927B /* SettingsView.swift */ = {isa = PBXFileReference; lastKnownFileType = sourcecode.swift; path = SettingsView.swift; sourceTree = "<group>"; };
		87BD15112A81443900905584 /* ScreenshotTests.xctest */ = {isa = PBXFileReference; explicitFileType = wrapper.cfbundle; includeInIndex = 0; path = ScreenshotTests.xctest; sourceTree = BUILT_PRODUCTS_DIR; };
		87BD15132A81443900905584 /* ScreenshotTests.swift */ = {isa = PBXFileReference; lastKnownFileType = sourcecode.swift; path = ScreenshotTests.swift; sourceTree = "<group>"; };
		87BD15152A81443900905584 /* ScreenshotTestsLaunchTests.swift */ = {isa = PBXFileReference; lastKnownFileType = sourcecode.swift; path = ScreenshotTestsLaunchTests.swift; sourceTree = "<group>"; };
		87BD151C2A8145AE00905584 /* SnapshotHelper.swift */ = {isa = PBXFileReference; fileEncoding = 4; lastKnownFileType = sourcecode.swift; path = SnapshotHelper.swift; sourceTree = "<group>"; };
		87BE05982A5B33C20095FDC9 /* PlayerView.swift */ = {isa = PBXFileReference; lastKnownFileType = sourcecode.swift; path = PlayerView.swift; sourceTree = "<group>"; };
		87C535982A828C9700BFF90B /* ListAllGamesView.swift */ = {isa = PBXFileReference; lastKnownFileType = sourcecode.swift; path = ListAllGamesView.swift; sourceTree = "<group>"; };
		87D157082A5352EA00898EC7 /* CleverJacks.app */ = {isa = PBXFileReference; explicitFileType = wrapper.application; includeInIndex = 0; path = CleverJacks.app; sourceTree = BUILT_PRODUCTS_DIR; };
		87D1570B2A5352EA00898EC7 /* SequenceCardsApp.swift */ = {isa = PBXFileReference; lastKnownFileType = sourcecode.swift; path = SequenceCardsApp.swift; sourceTree = "<group>"; };
		87D1570D2A5352EA00898EC7 /* ContentView.swift */ = {isa = PBXFileReference; lastKnownFileType = sourcecode.swift; path = ContentView.swift; sourceTree = "<group>"; };
		87D1570F2A5352EB00898EC7 /* Assets.xcassets */ = {isa = PBXFileReference; lastKnownFileType = folder.assetcatalog; path = Assets.xcassets; sourceTree = "<group>"; };
		87D157122A5352EB00898EC7 /* Preview Assets.xcassets */ = {isa = PBXFileReference; lastKnownFileType = folder.assetcatalog; path = "Preview Assets.xcassets"; sourceTree = "<group>"; };
		87D157352A5353D100898EC7 /* Suit.swift */ = {isa = PBXFileReference; lastKnownFileType = sourcecode.swift; path = Suit.swift; sourceTree = "<group>"; };
		87D157372A5353E900898EC7 /* Rank.swift */ = {isa = PBXFileReference; lastKnownFileType = sourcecode.swift; path = Rank.swift; sourceTree = "<group>"; };
		87D157392A5353F800898EC7 /* Deck.swift */ = {isa = PBXFileReference; lastKnownFileType = sourcecode.swift; path = Deck.swift; sourceTree = "<group>"; };
		87D1573B2A53541400898EC7 /* Card.swift */ = {isa = PBXFileReference; lastKnownFileType = sourcecode.swift; path = Card.swift; sourceTree = "<group>"; };
		87D1573D2A53542600898EC7 /* Coin.swift */ = {isa = PBXFileReference; lastKnownFileType = sourcecode.swift; path = Coin.swift; sourceTree = "<group>"; };
		87D1573F2A53546500898EC7 /* Board.swift */ = {isa = PBXFileReference; lastKnownFileType = sourcecode.swift; path = Board.swift; sourceTree = "<group>"; };
		87D157412A53548F00898EC7 /* CleverJacksGame.swift */ = {isa = PBXFileReference; lastKnownFileType = sourcecode.swift; path = CleverJacksGame.swift; sourceTree = "<group>"; };
		87D157432A53552300898EC7 /* CleverJacksGame+GKTurnBasedControllerDelegate.swift */ = {isa = PBXFileReference; lastKnownFileType = sourcecode.swift; path = "CleverJacksGame+GKTurnBasedControllerDelegate.swift"; sourceTree = "<group>"; };
		87D157452A53555200898EC7 /* CleverJacksGame+GKTurnBasedEventListener.swift */ = {isa = PBXFileReference; lastKnownFileType = sourcecode.swift; path = "CleverJacksGame+GKTurnBasedEventListener.swift"; sourceTree = "<group>"; };
		87D157472A5355A500898EC7 /* CleverJacksGame+MatchData.swift */ = {isa = PBXFileReference; lastKnownFileType = sourcecode.swift; path = "CleverJacksGame+MatchData.swift"; sourceTree = "<group>"; };
		87D157492A5355F200898EC7 /* SequenceCards.entitlements */ = {isa = PBXFileReference; lastKnownFileType = text.plist.entitlements; path = SequenceCards.entitlements; sourceTree = "<group>"; };
		87D1574A2A5356D900898EC7 /* GameView.swift */ = {isa = PBXFileReference; lastKnownFileType = sourcecode.swift; path = GameView.swift; sourceTree = "<group>"; };
		87D1574C2A53599000898EC7 /* CoinView.swift */ = {isa = PBXFileReference; lastKnownFileType = sourcecode.swift; path = CoinView.swift; sourceTree = "<group>"; };
		87D1574E2A5359DD00898EC7 /* CardView.swift */ = {isa = PBXFileReference; lastKnownFileType = sourcecode.swift; path = CardView.swift; sourceTree = "<group>"; };
		87D157502A535A9900898EC7 /* WiggleModifier.swift */ = {isa = PBXFileReference; lastKnownFileType = sourcecode.swift; path = WiggleModifier.swift; sourceTree = "<group>"; };
		87D157522A535AB200898EC7 /* PlayerCardsView.swift */ = {isa = PBXFileReference; lastKnownFileType = sourcecode.swift; path = PlayerCardsView.swift; sourceTree = "<group>"; };
		87D157542A53736F00898EC7 /* BoardCardView.swift */ = {isa = PBXFileReference; lastKnownFileType = sourcecode.swift; path = BoardCardView.swift; sourceTree = "<group>"; };
		87D157562A53742500898EC7 /* BoardView.swift */ = {isa = PBXFileReference; lastKnownFileType = sourcecode.swift; path = BoardView.swift; sourceTree = "<group>"; };
		87E062352A6FA61700989DCF /* MeetItemsView.swift */ = {isa = PBXFileReference; lastKnownFileType = sourcecode.swift; path = MeetItemsView.swift; sourceTree = "<group>"; };
		87EAF8D92A60C04100A9E63C /* ConfettiView.swift */ = {isa = PBXFileReference; lastKnownFileType = sourcecode.swift; path = ConfettiView.swift; sourceTree = "<group>"; };
		87EAF8DB2A60C0B700A9E63C /* RoundedCross.swift */ = {isa = PBXFileReference; lastKnownFileType = sourcecode.swift; path = RoundedCross.swift; sourceTree = "<group>"; };
		87EAF8DD2A60C0CE00A9E63C /* SlimRectangle.swift */ = {isa = PBXFileReference; lastKnownFileType = sourcecode.swift; path = SlimRectangle.swift; sourceTree = "<group>"; };
		87EAF8DF2A60C0F300A9E63C /* Triangle.swift */ = {isa = PBXFileReference; lastKnownFileType = sourcecode.swift; path = Triangle.swift; sourceTree = "<group>"; };
		87F40CD42A6344F300AE1D69 /* NotificationCountView.swift */ = {isa = PBXFileReference; lastKnownFileType = sourcecode.swift; path = NotificationCountView.swift; sourceTree = "<group>"; };
/* End PBXFileReference section */

/* Begin PBXFrameworksBuildPhase section */
		878CF1652A800C3900A6680C /* Frameworks */ = {
			isa = PBXFrameworksBuildPhase;
			buildActionMask = 2147483647;
			files = (
			);
			runOnlyForDeploymentPostprocessing = 0;
		};
		878CF1742A800C4700A6680C /* Frameworks */ = {
			isa = PBXFrameworksBuildPhase;
			buildActionMask = 2147483647;
			files = (
			);
			runOnlyForDeploymentPostprocessing = 0;
		};
		87BD150E2A81443900905584 /* Frameworks */ = {
			isa = PBXFrameworksBuildPhase;
			buildActionMask = 2147483647;
			files = (
			);
			runOnlyForDeploymentPostprocessing = 0;
		};
		87D157052A5352EA00898EC7 /* Frameworks */ = {
			isa = PBXFrameworksBuildPhase;
			buildActionMask = 2147483647;
			files = (
			);
			runOnlyForDeploymentPostprocessing = 0;
		};
/* End PBXFrameworksBuildPhase section */

/* Begin PBXGroup section */
		8784C9172A6216DE00CBC21A /* HomeViews */ = {
			isa = PBXGroup;
			children = (
				87A950BC2A5DDCB700D954DD /* HomeView.swift */,
				8784C9182A6216FD00CBC21A /* LogoAndNameView.swift */,
				8784C91A2A62177C00CBC21A /* StartButtonView.swift */,
				87B7A95D2A5B2C9F00DD927B /* SettingsView.swift */,
			);
			path = HomeViews;
			sourceTree = "<group>";
		};
		878CF1692A800C3900A6680C /* CleverJacksUITests */ = {
			isa = PBXGroup;
			children = (
				878CF16A2A800C3900A6680C /* CleverJacksUITests.swift */,
				878CF16C2A800C3900A6680C /* CleverJacksUITestsLaunchTests.swift */,
			);
			path = CleverJacksUITests;
			sourceTree = "<group>";
		};
		878CF1782A800C4700A6680C /* CleverJacksTests */ = {
			isa = PBXGroup;
			children = (
				878CF1792A800C4700A6680C /* CleverJacksTests.swift */,
			);
			path = CleverJacksTests;
			sourceTree = "<group>";
		};
		87BD15122A81443900905584 /* ScreenshotTests */ = {
			isa = PBXGroup;
			children = (
				87BD151C2A8145AE00905584 /* SnapshotHelper.swift */,
				87BD15132A81443900905584 /* ScreenshotTests.swift */,
				87BD15152A81443900905584 /* ScreenshotTestsLaunchTests.swift */,
			);
			path = ScreenshotTests;
			sourceTree = "<group>";
		};
		87D156FF2A5352EA00898EC7 = {
			isa = PBXGroup;
			children = (
				87D1570A2A5352EA00898EC7 /* SequenceCards */,
				878CF1692A800C3900A6680C /* CleverJacksUITests */,
				878CF1782A800C4700A6680C /* CleverJacksTests */,
				87BD15122A81443900905584 /* ScreenshotTests */,
				87D157092A5352EA00898EC7 /* Products */,
			);
			sourceTree = "<group>";
		};
		87D157092A5352EA00898EC7 /* Products */ = {
			isa = PBXGroup;
			children = (
				87D157082A5352EA00898EC7 /* CleverJacks.app */,
				878CF1682A800C3900A6680C /* CleverJacksUITests.xctest */,
				878CF1772A800C4700A6680C /* CleverJacksTests.xctest */,
				87BD15112A81443900905584 /* ScreenshotTests.xctest */,
			);
			name = Products;
			sourceTree = "<group>";
		};
		87D1570A2A5352EA00898EC7 /* SequenceCards */ = {
			isa = PBXGroup;
			children = (
				873634B82A591B0A00D24B64 /* Info.plist */,
				87D157492A5355F200898EC7 /* SequenceCards.entitlements */,
				87D1570B2A5352EA00898EC7 /* SequenceCardsApp.swift */,
				87EAF8E42A60C19B00A9E63C /* Views */,
				87EAF8E62A60C22200A9E63C /* Model */,
				87EAF8E72A60C23000A9E63C /* ViewModel */,
				87EAF8E82A60C23F00A9E63C /* Game Center */,
				87D1570F2A5352EB00898EC7 /* Assets.xcassets */,
				87D157112A5352EB00898EC7 /* Preview Content */,
			);
			path = SequenceCards;
			sourceTree = "<group>";
		};
		87D157112A5352EB00898EC7 /* Preview Content */ = {
			isa = PBXGroup;
			children = (
				87D157122A5352EB00898EC7 /* Preview Assets.xcassets */,
			);
			path = "Preview Content";
			sourceTree = "<group>";
		};
		87EAF8E12A60C10B00A9E63C /* UtilityViews */ = {
			isa = PBXGroup;
			children = (
				87F40CD42A6344F300AE1D69 /* NotificationCountView.swift */,
				8784C91E2A625C5600CBC21A /* AdaptiveStack.swift */,
				87EAF8DD2A60C0CE00A9E63C /* SlimRectangle.swift */,
				87EAF8D92A60C04100A9E63C /* ConfettiView.swift */,
				87EAF8DF2A60C0F300A9E63C /* Triangle.swift */,
				87EAF8DB2A60C0B700A9E63C /* RoundedCross.swift */,
				87D157502A535A9900898EC7 /* WiggleModifier.swift */,
			);
			path = UtilityViews;
			sourceTree = "<group>";
		};
		87EAF8E22A60C14000A9E63C /* GameRelatedViews */ = {
			isa = PBXGroup;
			children = (
				87EAF8E52A60C1F500A9E63C /* CommunicationViews */,
				87D1574A2A5356D900898EC7 /* GameView.swift */,
				87BE05982A5B33C20095FDC9 /* PlayerView.swift */,
				87C535982A828C9700BFF90B /* ListAllGamesView.swift */,
				8784C91C2A625A4B00CBC21A /* TopMenuView.swift */,
				87D157542A53736F00898EC7 /* BoardCardView.swift */,
				87D157522A535AB200898EC7 /* PlayerCardsView.swift */,
				87D157562A53742500898EC7 /* BoardView.swift */,
				8784C9202A62629200CBC21A /* GameOverAlert.swift */,
				87D1574E2A5359DD00898EC7 /* CardView.swift */,
				87D1574C2A53599000898EC7 /* CoinView.swift */,
			);
			path = GameRelatedViews;
			sourceTree = "<group>";
		};
		87EAF8E32A60C18600A9E63C /* TutorialRelatedViews */ = {
			isa = PBXGroup;
			children = (
				87E062352A6FA61700989DCF /* MeetItemsView.swift */,
				87B19CE42A7B27FA0012C62C /* AllRules.swift */,
				87129E9D2A7EA8CE002EF62D /* MiniBoardView.swift */,
				8738CFD62A6E0592005E58AB /* TutorialArrowView.swift */,
				87475E222A647C6600804E18 /* TutorialBoardView.swift */,
				87475E262A647D1000804E18 /* TutorialBoardCardView.swift */,
				87475E242A647CB300804E18 /* TutorialPlayerCardsView.swift */,
			);
			path = TutorialRelatedViews;
			sourceTree = "<group>";
		};
		87EAF8E42A60C19B00A9E63C /* Views */ = {
			isa = PBXGroup;
			children = (
				87D1570D2A5352EA00898EC7 /* ContentView.swift */,
				8784C9172A6216DE00CBC21A /* HomeViews */,
				87EAF8E22A60C14000A9E63C /* GameRelatedViews */,
				87EAF8E12A60C10B00A9E63C /* UtilityViews */,
				87EAF8E32A60C18600A9E63C /* TutorialRelatedViews */,
			);
			path = Views;
			sourceTree = "<group>";
		};
		87EAF8E52A60C1F500A9E63C /* CommunicationViews */ = {
			isa = PBXGroup;
			children = (
				879EF3F22A5FAB19000D9088 /* ResponseView.swift */,
				87B6C0122A5E38F9002C7CBA /* MessageView.swift */,
				87B6C0142A5E3922002C7CBA /* ChatView.swift */,
			);
			path = CommunicationViews;
			sourceTree = "<group>";
		};
		87EAF8E62A60C22200A9E63C /* Model */ = {
			isa = PBXGroup;
			children = (
				87D157352A5353D100898EC7 /* Suit.swift */,
				87D157372A5353E900898EC7 /* Rank.swift */,
				87D157392A5353F800898EC7 /* Deck.swift */,
				87D1573B2A53541400898EC7 /* Card.swift */,
				87D1573D2A53542600898EC7 /* Coin.swift */,
				87D1573F2A53546500898EC7 /* Board.swift */,
				87129E9B2A7EA1B0002EF62D /* MiniBoard.swift */,
			);
			path = Model;
			sourceTree = "<group>";
		};
		87EAF8E72A60C23000A9E63C /* ViewModel */ = {
			isa = PBXGroup;
			children = (
				87D157412A53548F00898EC7 /* CleverJacksGame.swift */,
				87475E202A646A1900804E18 /* TutorialCleverJacksGame.swift */,
			);
			path = ViewModel;
			sourceTree = "<group>";
		};
		87EAF8E82A60C23F00A9E63C /* Game Center */ = {
			isa = PBXGroup;
			children = (
				87D157432A53552300898EC7 /* CleverJacksGame+GKTurnBasedControllerDelegate.swift */,
				87D157452A53555200898EC7 /* CleverJacksGame+GKTurnBasedEventListener.swift */,
				87D157472A5355A500898EC7 /* CleverJacksGame+MatchData.swift */,
			);
			path = "Game Center";
			sourceTree = "<group>";
		};
/* End PBXGroup section */

/* Begin PBXNativeTarget section */
		878CF1672A800C3900A6680C /* CleverJacksUITests */ = {
			isa = PBXNativeTarget;
			buildConfigurationList = 878CF1702A800C3900A6680C /* Build configuration list for PBXNativeTarget "CleverJacksUITests" */;
			buildPhases = (
				878CF1642A800C3900A6680C /* Sources */,
				878CF1652A800C3900A6680C /* Frameworks */,
				878CF1662A800C3900A6680C /* Resources */,
			);
			buildRules = (
			);
			dependencies = (
				878CF16F2A800C3900A6680C /* PBXTargetDependency */,
			);
			name = CleverJacksUITests;
			productName = CleverJacksUITests;
			productReference = 878CF1682A800C3900A6680C /* CleverJacksUITests.xctest */;
			productType = "com.apple.product-type.bundle.ui-testing";
		};
		878CF1762A800C4700A6680C /* CleverJacksTests */ = {
			isa = PBXNativeTarget;
			buildConfigurationList = 878CF17D2A800C4700A6680C /* Build configuration list for PBXNativeTarget "CleverJacksTests" */;
			buildPhases = (
				878CF1732A800C4700A6680C /* Sources */,
				878CF1742A800C4700A6680C /* Frameworks */,
				878CF1752A800C4700A6680C /* Resources */,
			);
			buildRules = (
			);
			dependencies = (
				878CF17C2A800C4700A6680C /* PBXTargetDependency */,
			);
			name = CleverJacksTests;
			productName = CleverJacksTests;
			productReference = 878CF1772A800C4700A6680C /* CleverJacksTests.xctest */;
			productType = "com.apple.product-type.bundle.unit-test";
		};
		87BD15102A81443900905584 /* ScreenshotTests */ = {
			isa = PBXNativeTarget;
			buildConfigurationList = 87BD151B2A81443900905584 /* Build configuration list for PBXNativeTarget "ScreenshotTests" */;
			buildPhases = (
				87BD150D2A81443900905584 /* Sources */,
				87BD150E2A81443900905584 /* Frameworks */,
				87BD150F2A81443900905584 /* Resources */,
			);
			buildRules = (
			);
			dependencies = (
				87BD15182A81443900905584 /* PBXTargetDependency */,
			);
			name = ScreenshotTests;
			productName = ScreenshotTests;
			productReference = 87BD15112A81443900905584 /* ScreenshotTests.xctest */;
			productType = "com.apple.product-type.bundle.ui-testing";
		};
		87D157072A5352EA00898EC7 /* CleverJacks */ = {
			isa = PBXNativeTarget;
			buildConfigurationList = 87D1572C2A5352EB00898EC7 /* Build configuration list for PBXNativeTarget "CleverJacks" */;
			buildPhases = (
				87D157042A5352EA00898EC7 /* Sources */,
				87D157052A5352EA00898EC7 /* Frameworks */,
				87D157062A5352EA00898EC7 /* Resources */,
			);
			buildRules = (
			);
			dependencies = (
			);
			name = CleverJacks;
			productName = SequenceCards;
			productReference = 87D157082A5352EA00898EC7 /* CleverJacks.app */;
			productType = "com.apple.product-type.application";
		};
/* End PBXNativeTarget section */

/* Begin PBXProject section */
		87D157002A5352EA00898EC7 /* Project object */ = {
			isa = PBXProject;
			attributes = {
				BuildIndependentTargetsInParallel = 1;
				LastSwiftUpdateCheck = 1430;
				LastUpgradeCheck = 1500;
				TargetAttributes = {
					878CF1672A800C3900A6680C = {
						CreatedOnToolsVersion = 14.3.1;
						TestTargetID = 87D157072A5352EA00898EC7;
					};
					878CF1762A800C4700A6680C = {
						CreatedOnToolsVersion = 14.3.1;
						TestTargetID = 87D157072A5352EA00898EC7;
					};
					87BD15102A81443900905584 = {
						CreatedOnToolsVersion = 14.3.1;
						TestTargetID = 87D157072A5352EA00898EC7;
					};
					87D157072A5352EA00898EC7 = {
						CreatedOnToolsVersion = 15.0;
					};
				};
			};
			buildConfigurationList = 87D157032A5352EA00898EC7 /* Build configuration list for PBXProject "CleverJacks" */;
			compatibilityVersion = "Xcode 14.0";
			developmentRegion = en;
			hasScannedForEncodings = 0;
			knownRegions = (
				en,
				Base,
			);
			mainGroup = 87D156FF2A5352EA00898EC7;
			productRefGroup = 87D157092A5352EA00898EC7 /* Products */;
			projectDirPath = "";
			projectRoot = "";
			targets = (
				87D157072A5352EA00898EC7 /* CleverJacks */,
				878CF1762A800C4700A6680C /* CleverJacksTests */,
				878CF1672A800C3900A6680C /* CleverJacksUITests */,
				87BD15102A81443900905584 /* ScreenshotTests */,
			);
		};
/* End PBXProject section */

/* Begin PBXResourcesBuildPhase section */
		878CF1662A800C3900A6680C /* Resources */ = {
			isa = PBXResourcesBuildPhase;
			buildActionMask = 2147483647;
			files = (
			);
			runOnlyForDeploymentPostprocessing = 0;
		};
		878CF1752A800C4700A6680C /* Resources */ = {
			isa = PBXResourcesBuildPhase;
			buildActionMask = 2147483647;
			files = (
			);
			runOnlyForDeploymentPostprocessing = 0;
		};
		87BD150F2A81443900905584 /* Resources */ = {
			isa = PBXResourcesBuildPhase;
			buildActionMask = 2147483647;
			files = (
			);
			runOnlyForDeploymentPostprocessing = 0;
		};
		87D157062A5352EA00898EC7 /* Resources */ = {
			isa = PBXResourcesBuildPhase;
			buildActionMask = 2147483647;
			files = (
				87D157132A5352EB00898EC7 /* Preview Assets.xcassets in Resources */,
				87D157102A5352EB00898EC7 /* Assets.xcassets in Resources */,
			);
			runOnlyForDeploymentPostprocessing = 0;
		};
/* End PBXResourcesBuildPhase section */

/* Begin PBXSourcesBuildPhase section */
		878CF1642A800C3900A6680C /* Sources */ = {
			isa = PBXSourcesBuildPhase;
			buildActionMask = 2147483647;
			files = (
				878CF16D2A800C3900A6680C /* CleverJacksUITestsLaunchTests.swift in Sources */,
				878CF16B2A800C3900A6680C /* CleverJacksUITests.swift in Sources */,
			);
			runOnlyForDeploymentPostprocessing = 0;
		};
		878CF1732A800C4700A6680C /* Sources */ = {
			isa = PBXSourcesBuildPhase;
			buildActionMask = 2147483647;
			files = (
				878CF17A2A800C4700A6680C /* CleverJacksTests.swift in Sources */,
			);
			runOnlyForDeploymentPostprocessing = 0;
		};
		87BD150D2A81443900905584 /* Sources */ = {
			isa = PBXSourcesBuildPhase;
			buildActionMask = 2147483647;
			files = (
				87BD15162A81443900905584 /* ScreenshotTestsLaunchTests.swift in Sources */,
				87BD15142A81443900905584 /* ScreenshotTests.swift in Sources */,
				87BD151D2A8145AE00905584 /* SnapshotHelper.swift in Sources */,
			);
			runOnlyForDeploymentPostprocessing = 0;
		};
		87D157042A5352EA00898EC7 /* Sources */ = {
			isa = PBXSourcesBuildPhase;
			buildActionMask = 2147483647;
			files = (
				87EAF8DA2A60C04100A9E63C /* ConfettiView.swift in Sources */,
				87D1570E2A5352EA00898EC7 /* ContentView.swift in Sources */,
				87D1573C2A53541400898EC7 /* Card.swift in Sources */,
				87D157382A5353E900898EC7 /* Rank.swift in Sources */,
				87D1573A2A5353F800898EC7 /* Deck.swift in Sources */,
				8738CFD72A6E0592005E58AB /* TutorialArrowView.swift in Sources */,
				87D1574F2A5359DD00898EC7 /* CardView.swift in Sources */,
				87B7A95E2A5B2C9F00DD927B /* SettingsView.swift in Sources */,
				8784C9212A62629200CBC21A /* GameOverAlert.swift in Sources */,
				87D157482A5355A500898EC7 /* CleverJacksGame+MatchData.swift in Sources */,
				87D157532A535AB300898EC7 /* PlayerCardsView.swift in Sources */,
				87D157442A53552300898EC7 /* CleverJacksGame+GKTurnBasedControllerDelegate.swift in Sources */,
				87475E232A647C6600804E18 /* TutorialBoardView.swift in Sources */,
				87129E9E2A7EA8CE002EF62D /* MiniBoardView.swift in Sources */,
				87BE05992A5B33C20095FDC9 /* PlayerView.swift in Sources */,
				87D157422A53548F00898EC7 /* CleverJacksGame.swift in Sources */,
				87F40CD52A6344F300AE1D69 /* NotificationCountView.swift in Sources */,
				87D157362A5353D100898EC7 /* Suit.swift in Sources */,
				87B6C0132A5E38F9002C7CBA /* MessageView.swift in Sources */,
				87C535992A828C9700BFF90B /* ListAllGamesView.swift in Sources */,
				87EAF8E02A60C0F300A9E63C /* Triangle.swift in Sources */,
				8784C91D2A625A4B00CBC21A /* TopMenuView.swift in Sources */,
				87D157462A53555200898EC7 /* CleverJacksGame+GKTurnBasedEventListener.swift in Sources */,
				8784C9192A6216FD00CBC21A /* LogoAndNameView.swift in Sources */,
				87129E9C2A7EA1B0002EF62D /* MiniBoard.swift in Sources */,
				87D157552A53736F00898EC7 /* BoardCardView.swift in Sources */,
				87475E212A646A1900804E18 /* TutorialCleverJacksGame.swift in Sources */,
				87D1574D2A53599000898EC7 /* CoinView.swift in Sources */,
				87D1570C2A5352EA00898EC7 /* SequenceCardsApp.swift in Sources */,
				8784C91F2A625C5600CBC21A /* AdaptiveStack.swift in Sources */,
				87B6C0152A5E3922002C7CBA /* ChatView.swift in Sources */,
				879EF3F32A5FAB19000D9088 /* ResponseView.swift in Sources */,
				87D157402A53546500898EC7 /* Board.swift in Sources */,
				87475E252A647CB300804E18 /* TutorialPlayerCardsView.swift in Sources */,
				87B19CE52A7B27FA0012C62C /* AllRules.swift in Sources */,
				87475E272A647D1000804E18 /* TutorialBoardCardView.swift in Sources */,
				87D157572A53742500898EC7 /* BoardView.swift in Sources */,
				87EAF8DC2A60C0B700A9E63C /* RoundedCross.swift in Sources */,
				87EAF8DE2A60C0CE00A9E63C /* SlimRectangle.swift in Sources */,
				87E062362A6FA61700989DCF /* MeetItemsView.swift in Sources */,
				87D157512A535A9900898EC7 /* WiggleModifier.swift in Sources */,
				87D1574B2A5356D900898EC7 /* GameView.swift in Sources */,
				8784C91B2A62177C00CBC21A /* StartButtonView.swift in Sources */,
				87A950BD2A5DDCB700D954DD /* HomeView.swift in Sources */,
				87D1573E2A53542600898EC7 /* Coin.swift in Sources */,
			);
			runOnlyForDeploymentPostprocessing = 0;
		};
/* End PBXSourcesBuildPhase section */

/* Begin PBXTargetDependency section */
		878CF16F2A800C3900A6680C /* PBXTargetDependency */ = {
			isa = PBXTargetDependency;
			target = 87D157072A5352EA00898EC7 /* CleverJacks */;
			targetProxy = 878CF16E2A800C3900A6680C /* PBXContainerItemProxy */;
		};
		878CF17C2A800C4700A6680C /* PBXTargetDependency */ = {
			isa = PBXTargetDependency;
			target = 87D157072A5352EA00898EC7 /* CleverJacks */;
			targetProxy = 878CF17B2A800C4700A6680C /* PBXContainerItemProxy */;
		};
		87BD15182A81443900905584 /* PBXTargetDependency */ = {
			isa = PBXTargetDependency;
			target = 87D157072A5352EA00898EC7 /* CleverJacks */;
			targetProxy = 87BD15172A81443900905584 /* PBXContainerItemProxy */;
		};
/* End PBXTargetDependency section */

/* Begin XCBuildConfiguration section */
		878CF1712A800C3900A6680C /* Debug */ = {
			isa = XCBuildConfiguration;
			buildSettings = {
				CODE_SIGN_STYLE = Automatic;
				CURRENT_PROJECT_VERSION = 1;
				DEVELOPMENT_TEAM = 6Q95QLZS6W;
				GCC_C_LANGUAGE_STANDARD = gnu11;
				GENERATE_INFOPLIST_FILE = YES;
				IPHONEOS_DEPLOYMENT_TARGET = 16.4;
				MACOSX_DEPLOYMENT_TARGET = 13.3;
				MARKETING_VERSION = 1.0;
				PRODUCT_BUNDLE_IDENTIFIER = com.kruthaydonapati.CleverJacksUITests;
				PRODUCT_NAME = "$(TARGET_NAME)";
				SDKROOT = auto;
				SUPPORTED_PLATFORMS = "iphoneos iphonesimulator macosx";
				SWIFT_ACTIVE_COMPILATION_CONDITIONS = DEBUG;
				SWIFT_EMIT_LOC_STRINGS = NO;
				SWIFT_VERSION = 5.0;
				TARGETED_DEVICE_FAMILY = "1,2";
				TEST_TARGET_NAME = CleverJacks;
			};
			name = Debug;
		};
		878CF1722A800C3900A6680C /* Release */ = {
			isa = XCBuildConfiguration;
			buildSettings = {
				CODE_SIGN_STYLE = Automatic;
				CURRENT_PROJECT_VERSION = 1;
				DEVELOPMENT_TEAM = 6Q95QLZS6W;
				GCC_C_LANGUAGE_STANDARD = gnu11;
				GENERATE_INFOPLIST_FILE = YES;
				IPHONEOS_DEPLOYMENT_TARGET = 16.4;
				MACOSX_DEPLOYMENT_TARGET = 13.3;
				MARKETING_VERSION = 1.0;
				PRODUCT_BUNDLE_IDENTIFIER = com.kruthaydonapati.CleverJacksUITests;
				PRODUCT_NAME = "$(TARGET_NAME)";
				SDKROOT = auto;
				SUPPORTED_PLATFORMS = "iphoneos iphonesimulator macosx";
				SWIFT_EMIT_LOC_STRINGS = NO;
				SWIFT_OPTIMIZATION_LEVEL = "-O";
				SWIFT_VERSION = 5.0;
				TARGETED_DEVICE_FAMILY = "1,2";
				TEST_TARGET_NAME = CleverJacks;
			};
			name = Release;
		};
		878CF17E2A800C4700A6680C /* Debug */ = {
			isa = XCBuildConfiguration;
			buildSettings = {
				BUNDLE_LOADER = "$(TEST_HOST)";
				CODE_SIGN_STYLE = Automatic;
				CURRENT_PROJECT_VERSION = 1;
				DEVELOPMENT_TEAM = 6Q95QLZS6W;
				GCC_C_LANGUAGE_STANDARD = gnu11;
				GENERATE_INFOPLIST_FILE = YES;
				IPHONEOS_DEPLOYMENT_TARGET = 16.4;
				MACOSX_DEPLOYMENT_TARGET = 13.3;
				MARKETING_VERSION = 1.0;
				PRODUCT_BUNDLE_IDENTIFIER = com.kruthaydonapati.CleverJacksTests;
				PRODUCT_NAME = "$(TARGET_NAME)";
				SDKROOT = auto;
				SUPPORTED_PLATFORMS = "iphoneos iphonesimulator macosx";
				SWIFT_ACTIVE_COMPILATION_CONDITIONS = DEBUG;
				SWIFT_EMIT_LOC_STRINGS = NO;
				SWIFT_VERSION = 5.0;
				TARGETED_DEVICE_FAMILY = "1,2";
				TEST_HOST = "$(BUILT_PRODUCTS_DIR)/CleverJacks.app/$(BUNDLE_EXECUTABLE_FOLDER_PATH)/CleverJacks";
			};
			name = Debug;
		};
		878CF17F2A800C4700A6680C /* Release */ = {
			isa = XCBuildConfiguration;
			buildSettings = {
				BUNDLE_LOADER = "$(TEST_HOST)";
				CODE_SIGN_STYLE = Automatic;
				CURRENT_PROJECT_VERSION = 1;
				DEVELOPMENT_TEAM = 6Q95QLZS6W;
				GCC_C_LANGUAGE_STANDARD = gnu11;
				GENERATE_INFOPLIST_FILE = YES;
				IPHONEOS_DEPLOYMENT_TARGET = 16.4;
				MACOSX_DEPLOYMENT_TARGET = 13.3;
				MARKETING_VERSION = 1.0;
				PRODUCT_BUNDLE_IDENTIFIER = com.kruthaydonapati.CleverJacksTests;
				PRODUCT_NAME = "$(TARGET_NAME)";
				SDKROOT = auto;
				SUPPORTED_PLATFORMS = "iphoneos iphonesimulator macosx";
				SWIFT_EMIT_LOC_STRINGS = NO;
				SWIFT_OPTIMIZATION_LEVEL = "-O";
				SWIFT_VERSION = 5.0;
				TARGETED_DEVICE_FAMILY = "1,2";
				TEST_HOST = "$(BUILT_PRODUCTS_DIR)/CleverJacks.app/$(BUNDLE_EXECUTABLE_FOLDER_PATH)/CleverJacks";
			};
			name = Release;
		};
		87BD15192A81443900905584 /* Debug */ = {
			isa = XCBuildConfiguration;
			buildSettings = {
				CODE_SIGN_STYLE = Automatic;
				CURRENT_PROJECT_VERSION = 1;
				DEVELOPMENT_TEAM = 6Q95QLZS6W;
				GCC_C_LANGUAGE_STANDARD = gnu11;
				GENERATE_INFOPLIST_FILE = YES;
				MARKETING_VERSION = 1.0;
				PRODUCT_BUNDLE_IDENTIFIER = com.kruthaydonapati.ScreenshotTests;
				PRODUCT_NAME = "$(TARGET_NAME)";
				SWIFT_ACTIVE_COMPILATION_CONDITIONS = DEBUG;
				SWIFT_EMIT_LOC_STRINGS = NO;
				SWIFT_VERSION = 5.0;
				TARGETED_DEVICE_FAMILY = "1,2";
				TEST_TARGET_NAME = CleverJacks;
			};
			name = Debug;
		};
		87BD151A2A81443900905584 /* Release */ = {
			isa = XCBuildConfiguration;
			buildSettings = {
				CODE_SIGN_STYLE = Automatic;
				CURRENT_PROJECT_VERSION = 1;
				DEVELOPMENT_TEAM = 6Q95QLZS6W;
				GCC_C_LANGUAGE_STANDARD = gnu11;
				GENERATE_INFOPLIST_FILE = YES;
				MARKETING_VERSION = 1.0;
				PRODUCT_BUNDLE_IDENTIFIER = com.kruthaydonapati.ScreenshotTests;
				PRODUCT_NAME = "$(TARGET_NAME)";
				SWIFT_EMIT_LOC_STRINGS = NO;
				SWIFT_OPTIMIZATION_LEVEL = "-O";
				SWIFT_VERSION = 5.0;
				TARGETED_DEVICE_FAMILY = "1,2";
				TEST_TARGET_NAME = CleverJacks;
			};
			name = Release;
		};
		87D1572A2A5352EB00898EC7 /* Debug */ = {
			isa = XCBuildConfiguration;
			buildSettings = {
				ALWAYS_SEARCH_USER_PATHS = NO;
				ASSETCATALOG_COMPILER_GENERATE_SWIFT_ASSET_SYMBOL_EXTENSIONS = YES;
				CLANG_ANALYZER_NONNULL = YES;
				CLANG_ANALYZER_NUMBER_OBJECT_CONVERSION = YES_AGGRESSIVE;
				CLANG_CXX_LANGUAGE_STANDARD = "gnu++20";
				CLANG_ENABLE_MODULES = YES;
				CLANG_ENABLE_OBJC_ARC = YES;
				CLANG_ENABLE_OBJC_WEAK = YES;
				CLANG_WARN_BLOCK_CAPTURE_AUTORELEASING = YES;
				CLANG_WARN_BOOL_CONVERSION = YES;
				CLANG_WARN_COMMA = YES;
				CLANG_WARN_CONSTANT_CONVERSION = YES;
				CLANG_WARN_DEPRECATED_OBJC_IMPLEMENTATIONS = YES;
				CLANG_WARN_DIRECT_OBJC_ISA_USAGE = YES_ERROR;
				CLANG_WARN_DOCUMENTATION_COMMENTS = YES;
				CLANG_WARN_EMPTY_BODY = YES;
				CLANG_WARN_ENUM_CONVERSION = YES;
				CLANG_WARN_INFINITE_RECURSION = YES;
				CLANG_WARN_INT_CONVERSION = YES;
				CLANG_WARN_NON_LITERAL_NULL_CONVERSION = YES;
				CLANG_WARN_OBJC_IMPLICIT_RETAIN_SELF = YES;
				CLANG_WARN_OBJC_LITERAL_CONVERSION = YES;
				CLANG_WARN_OBJC_ROOT_CLASS = YES_ERROR;
				CLANG_WARN_QUOTED_INCLUDE_IN_FRAMEWORK_HEADER = YES;
				CLANG_WARN_RANGE_LOOP_ANALYSIS = YES;
				CLANG_WARN_STRICT_PROTOTYPES = YES;
				CLANG_WARN_SUSPICIOUS_MOVE = YES;
				CLANG_WARN_UNGUARDED_AVAILABILITY = YES_AGGRESSIVE;
				CLANG_WARN_UNREACHABLE_CODE = YES;
				CLANG_WARN__DUPLICATE_METHOD_MATCH = YES;
				COPY_PHASE_STRIP = NO;
				DEBUG_INFORMATION_FORMAT = dwarf;
				ENABLE_STRICT_OBJC_MSGSEND = YES;
				ENABLE_TESTABILITY = YES;
				ENABLE_USER_SCRIPT_SANDBOXING = YES;
				GCC_C_LANGUAGE_STANDARD = gnu17;
				GCC_DYNAMIC_NO_PIC = NO;
				GCC_NO_COMMON_BLOCKS = YES;
				GCC_OPTIMIZATION_LEVEL = 0;
				GCC_PREPROCESSOR_DEFINITIONS = (
					"DEBUG=1",
					"$(inherited)",
				);
				GCC_WARN_64_TO_32_BIT_CONVERSION = YES;
				GCC_WARN_ABOUT_RETURN_TYPE = YES_ERROR;
				GCC_WARN_UNDECLARED_SELECTOR = YES;
				GCC_WARN_UNINITIALIZED_AUTOS = YES_AGGRESSIVE;
				GCC_WARN_UNUSED_FUNCTION = YES;
				GCC_WARN_UNUSED_VARIABLE = YES;
				IPHONEOS_DEPLOYMENT_TARGET = 16.4;
				LOCALIZATION_PREFERS_STRING_CATALOGS = YES;
				MTL_ENABLE_DEBUG_INFO = INCLUDE_SOURCE;
				MTL_FAST_MATH = YES;
				ONLY_ACTIVE_ARCH = YES;
				SDKROOT = iphoneos;
				SWIFT_ACTIVE_COMPILATION_CONDITIONS = "DEBUG $(inherited)";
				SWIFT_OPTIMIZATION_LEVEL = "-Onone";
			};
			name = Debug;
		};
		87D1572B2A5352EB00898EC7 /* Release */ = {
			isa = XCBuildConfiguration;
			buildSettings = {
				ALWAYS_SEARCH_USER_PATHS = NO;
				ASSETCATALOG_COMPILER_GENERATE_SWIFT_ASSET_SYMBOL_EXTENSIONS = YES;
				CLANG_ANALYZER_NONNULL = YES;
				CLANG_ANALYZER_NUMBER_OBJECT_CONVERSION = YES_AGGRESSIVE;
				CLANG_CXX_LANGUAGE_STANDARD = "gnu++20";
				CLANG_ENABLE_MODULES = YES;
				CLANG_ENABLE_OBJC_ARC = YES;
				CLANG_ENABLE_OBJC_WEAK = YES;
				CLANG_WARN_BLOCK_CAPTURE_AUTORELEASING = YES;
				CLANG_WARN_BOOL_CONVERSION = YES;
				CLANG_WARN_COMMA = YES;
				CLANG_WARN_CONSTANT_CONVERSION = YES;
				CLANG_WARN_DEPRECATED_OBJC_IMPLEMENTATIONS = YES;
				CLANG_WARN_DIRECT_OBJC_ISA_USAGE = YES_ERROR;
				CLANG_WARN_DOCUMENTATION_COMMENTS = YES;
				CLANG_WARN_EMPTY_BODY = YES;
				CLANG_WARN_ENUM_CONVERSION = YES;
				CLANG_WARN_INFINITE_RECURSION = YES;
				CLANG_WARN_INT_CONVERSION = YES;
				CLANG_WARN_NON_LITERAL_NULL_CONVERSION = YES;
				CLANG_WARN_OBJC_IMPLICIT_RETAIN_SELF = YES;
				CLANG_WARN_OBJC_LITERAL_CONVERSION = YES;
				CLANG_WARN_OBJC_ROOT_CLASS = YES_ERROR;
				CLANG_WARN_QUOTED_INCLUDE_IN_FRAMEWORK_HEADER = YES;
				CLANG_WARN_RANGE_LOOP_ANALYSIS = YES;
				CLANG_WARN_STRICT_PROTOTYPES = YES;
				CLANG_WARN_SUSPICIOUS_MOVE = YES;
				CLANG_WARN_UNGUARDED_AVAILABILITY = YES_AGGRESSIVE;
				CLANG_WARN_UNREACHABLE_CODE = YES;
				CLANG_WARN__DUPLICATE_METHOD_MATCH = YES;
				COPY_PHASE_STRIP = NO;
				DEBUG_INFORMATION_FORMAT = "dwarf-with-dsym";
				ENABLE_NS_ASSERTIONS = NO;
				ENABLE_STRICT_OBJC_MSGSEND = YES;
				ENABLE_USER_SCRIPT_SANDBOXING = YES;
				GCC_C_LANGUAGE_STANDARD = gnu17;
				GCC_NO_COMMON_BLOCKS = YES;
				GCC_WARN_64_TO_32_BIT_CONVERSION = YES;
				GCC_WARN_ABOUT_RETURN_TYPE = YES_ERROR;
				GCC_WARN_UNDECLARED_SELECTOR = YES;
				GCC_WARN_UNINITIALIZED_AUTOS = YES_AGGRESSIVE;
				GCC_WARN_UNUSED_FUNCTION = YES;
				GCC_WARN_UNUSED_VARIABLE = YES;
				IPHONEOS_DEPLOYMENT_TARGET = 16.4;
				LOCALIZATION_PREFERS_STRING_CATALOGS = YES;
				MTL_ENABLE_DEBUG_INFO = NO;
				MTL_FAST_MATH = YES;
				SDKROOT = iphoneos;
				SWIFT_COMPILATION_MODE = wholemodule;
				VALIDATE_PRODUCT = YES;
			};
			name = Release;
		};
		87D1572D2A5352EB00898EC7 /* Debug */ = {
			isa = XCBuildConfiguration;
			buildSettings = {
				ASSETCATALOG_COMPILER_APPICON_NAME = AppIcon;
				ASSETCATALOG_COMPILER_GLOBAL_ACCENT_COLOR_NAME = AccentColor;
				ASSETCATALOG_COMPILER_INCLUDE_ALL_APPICON_ASSETS = YES;
				CODE_SIGN_ENTITLEMENTS = SequenceCards/SequenceCards.entitlements;
				CODE_SIGN_STYLE = Automatic;
				CURRENT_PROJECT_VERSION = 1;
				DEVELOPMENT_ASSET_PATHS = "\"SequenceCards/Preview Content\"";
				DEVELOPMENT_TEAM = 6Q95QLZS6W;
				ENABLE_PREVIEWS = YES;
				GENERATE_INFOPLIST_FILE = YES;
				INFOPLIST_FILE = SequenceCards/Info.plist;
				INFOPLIST_KEY_LSApplicationCategoryType = "public.app-category.board-games";
				INFOPLIST_KEY_UIApplicationSceneManifest_Generation = YES;
				INFOPLIST_KEY_UIApplicationSupportsIndirectInputEvents = YES;
				INFOPLIST_KEY_UILaunchScreen_Generation = YES;
				INFOPLIST_KEY_UISupportedInterfaceOrientations_iPad = "UIInterfaceOrientationPortrait UIInterfaceOrientationPortraitUpsideDown UIInterfaceOrientationLandscapeLeft UIInterfaceOrientationLandscapeRight";
				INFOPLIST_KEY_UISupportedInterfaceOrientations_iPhone = UIInterfaceOrientationPortrait;
				IPHONEOS_DEPLOYMENT_TARGET = 16.4;
				LD_RUNPATH_SEARCH_PATHS = (
					"$(inherited)",
					"@executable_path/Frameworks",
				);
				MARKETING_VERSION = 1.01;
				PRODUCT_BUNDLE_IDENTIFIER = com.kruthaydonapati.SequenceCards;
				PRODUCT_NAME = "$(TARGET_NAME)";
				SUPPORTED_PLATFORMS = "iphoneos iphonesimulator";
				SUPPORTS_MACCATALYST = NO;
				SUPPORTS_MAC_DESIGNED_FOR_IPHONE_IPAD = YES;
				SUPPORTS_XR_DESIGNED_FOR_IPHONE_IPAD = NO;
				SWIFT_EMIT_LOC_STRINGS = YES;
				SWIFT_VERSION = 5.0;
				TARGETED_DEVICE_FAMILY = "1,2,6";
			};
			name = Debug;
		};
		87D1572E2A5352EB00898EC7 /* Release */ = {
			isa = XCBuildConfiguration;
			buildSettings = {
				ASSETCATALOG_COMPILER_APPICON_NAME = AppIcon;
				ASSETCATALOG_COMPILER_GLOBAL_ACCENT_COLOR_NAME = AccentColor;
				ASSETCATALOG_COMPILER_INCLUDE_ALL_APPICON_ASSETS = YES;
				CODE_SIGN_ENTITLEMENTS = SequenceCards/SequenceCards.entitlements;
				CODE_SIGN_STYLE = Automatic;
				CURRENT_PROJECT_VERSION = 1;
				DEVELOPMENT_ASSET_PATHS = "\"SequenceCards/Preview Content\"";
				DEVELOPMENT_TEAM = 6Q95QLZS6W;
				ENABLE_PREVIEWS = YES;
				GENERATE_INFOPLIST_FILE = YES;
				INFOPLIST_FILE = SequenceCards/Info.plist;
				INFOPLIST_KEY_LSApplicationCategoryType = "public.app-category.board-games";
				INFOPLIST_KEY_UIApplicationSceneManifest_Generation = YES;
				INFOPLIST_KEY_UIApplicationSupportsIndirectInputEvents = YES;
				INFOPLIST_KEY_UILaunchScreen_Generation = YES;
				INFOPLIST_KEY_UISupportedInterfaceOrientations_iPad = "UIInterfaceOrientationPortrait UIInterfaceOrientationPortraitUpsideDown UIInterfaceOrientationLandscapeLeft UIInterfaceOrientationLandscapeRight";
				INFOPLIST_KEY_UISupportedInterfaceOrientations_iPhone = UIInterfaceOrientationPortrait;
				IPHONEOS_DEPLOYMENT_TARGET = 16.4;
				LD_RUNPATH_SEARCH_PATHS = (
					"$(inherited)",
					"@executable_path/Frameworks",
				);
				MARKETING_VERSION = 1.01;
				PRODUCT_BUNDLE_IDENTIFIER = com.kruthaydonapati.SequenceCards;
				PRODUCT_NAME = "$(TARGET_NAME)";
				SUPPORTED_PLATFORMS = "iphoneos iphonesimulator";
				SUPPORTS_MACCATALYST = NO;
				SUPPORTS_MAC_DESIGNED_FOR_IPHONE_IPAD = YES;
				SUPPORTS_XR_DESIGNED_FOR_IPHONE_IPAD = NO;
				SWIFT_EMIT_LOC_STRINGS = YES;
				SWIFT_VERSION = 5.0;
				TARGETED_DEVICE_FAMILY = "1,2,6";
			};
			name = Release;
		};
/* End XCBuildConfiguration section */

/* Begin XCConfigurationList section */
		878CF1702A800C3900A6680C /* Build configuration list for PBXNativeTarget "CleverJacksUITests" */ = {
			isa = XCConfigurationList;
			buildConfigurations = (
				878CF1712A800C3900A6680C /* Debug */,
				878CF1722A800C3900A6680C /* Release */,
			);
			defaultConfigurationIsVisible = 0;
			defaultConfigurationName = Release;
		};
		878CF17D2A800C4700A6680C /* Build configuration list for PBXNativeTarget "CleverJacksTests" */ = {
			isa = XCConfigurationList;
			buildConfigurations = (
				878CF17E2A800C4700A6680C /* Debug */,
				878CF17F2A800C4700A6680C /* Release */,
			);
			defaultConfigurationIsVisible = 0;
			defaultConfigurationName = Release;
		};
		87BD151B2A81443900905584 /* Build configuration list for PBXNativeTarget "ScreenshotTests" */ = {
			isa = XCConfigurationList;
			buildConfigurations = (
				87BD15192A81443900905584 /* Debug */,
				87BD151A2A81443900905584 /* Release */,
			);
			defaultConfigurationIsVisible = 0;
			defaultConfigurationName = Release;
		};
		87D157032A5352EA00898EC7 /* Build configuration list for PBXProject "CleverJacks" */ = {
			isa = XCConfigurationList;
			buildConfigurations = (
				87D1572A2A5352EB00898EC7 /* Debug */,
				87D1572B2A5352EB00898EC7 /* Release */,
			);
			defaultConfigurationIsVisible = 0;
			defaultConfigurationName = Release;
		};
		87D1572C2A5352EB00898EC7 /* Build configuration list for PBXNativeTarget "CleverJacks" */ = {
			isa = XCConfigurationList;
			buildConfigurations = (
				87D1572D2A5352EB00898EC7 /* Debug */,
				87D1572E2A5352EB00898EC7 /* Release */,
			);
			defaultConfigurationIsVisible = 0;
			defaultConfigurationName = Release;
		};
/* End XCConfigurationList section */
	};
	rootObject = 87D157002A5352EA00898EC7 /* Project object */;
}
